NeoBundleLock Spacegray.vim d7fc59b203139403628f45832785f143c5464050
NeoBundleLock YouCompleteMe c6f63aee1bfbd69c261b89282c0288f3a14ab50f
NeoBundleLock ZoomWin da618cba6cee26ab237a048786ffb5c35937da91
NeoBundleLock ag.vim 8241b734d9288ceb2d1da96f690c2e1c361f340c
NeoBundleLock html5.vim abaf4f8a829bd01cc460eb63768debc7c28a6ff5
NeoBundleLock javascript-libraries-syntax.vim a5e1487a481248d3aaa58ebcdbc830034b777268
NeoBundleLock neobundle.vim e4e6766e7bbcac9b7048ee247f02af9020b9df29
NeoBundleLock rspec.vim 0dcb42f0e043715ab43367b3efa066b12289e366
NeoBundleLock syntastic b340672bd03d877ede83f95ccec6a98bbd536d42
NeoBundleLock tcomment_vim eb675f0a2e847428c446e97c07e0c91fa8b6e3c5
NeoBundleLock tern_for_vim c677b663adc1e34f4419c70f278dc78d017e673b
NeoBundleLock tmuxline.vim 1e638ef6b2673130db123f25b1ae1160c5289bb8
NeoBundleLock unite.vim 704325ae48cf96d6c9588279c733f50f78dec3e4
NeoBundleLock vim-airline 401ce611c6f9b9e8be0857cf6094604033e1b717
NeoBundleLock vim-colors-solarized 528a59f26d12278698bb946f8fb82a63711eec21
NeoBundleLock vim-css3-syntax 73ba250fa1a55ed0f3725e20b4d8fcb23c1db7b8
NeoBundleLock vim-easytags f711ff64133e2d20145352a5020ea1b9c019828e
NeoBundleLock vim-endwise bba43b831ae0485cf9b86d16340a6a314b927391
NeoBundleLock vim-eunuch 8c996336ceecbfb7290c7c9b409195f190866548
NeoBundleLock vim-git 297e7075a1c6ecc4547e6543cda394e28c5b1c06
NeoBundleLock vim-javascript 977e220b371938b81acb728eee36987c6fe4034a
NeoBundleLock vim-json e142e9692ab39ad8d8c3d0c70d3d43541cc585ce
NeoBundleLock vim-markdown 4395b4725650e371066da96ec6ddd0b14e6fdbe0
NeoBundleLock vim-misc 038faedc0767141dd4469978bc6575807fa3eb31
NeoBundleLock vim-rails 18b5806910df63d65206593cd2001807d01cd083
NeoBundleLock vim-repeat 5eba0f19c87402643eb8a7e7d20d9d5338fd6d71
NeoBundleLock vim-ruby 4661bf70f428c0436ea60d9ba515b4b8dca73f0d
NeoBundleLock vim-ruby-minitest e77ac79b6a0165f889a5705ace75568aea853193
NeoBundleLock vim-surround fa433e0b7330753688f715f3be5d10dc480f20e5
NeoBundleLock vim-tmux-navigator d25c7ebb65a0ca3058d075158ce1b6605c954c82
NeoBundleLock vimproc.vim 98482672f888aec28ae3764e4432f7127ca8697b
