NeoBundleLock YouCompleteMe 138acdc6747ffccc61cefda74cec33dc36026fe1
NeoBundleLock ZoomWin da618cba6cee26ab237a048786ffb5c35937da91
NeoBundleLock ag.vim 218a23a002d8351576cfaa4980ade9120a033e5b
NeoBundleLock html5.vim a47aa2d274daf8675a2b20577b75d573f4c2dfc5
NeoBundleLock javascript-libraries-syntax.vim a5e1487a481248d3aaa58ebcdbc830034b777268
NeoBundleLock neobundle.vim e4e6766e7bbcac9b7048ee247f02af9020b9df29
NeoBundleLock rspec.vim 0dcb42f0e043715ab43367b3efa066b12289e366
NeoBundleLock syntastic 5429d24a59d7f48494419ff224123e562374645f
NeoBundleLock tcomment_vim eb675f0a2e847428c446e97c07e0c91fa8b6e3c5
NeoBundleLock tern_for_vim c677b663adc1e34f4419c70f278dc78d017e673b
NeoBundleLock tmuxline.vim 1e638ef6b2673130db123f25b1ae1160c5289bb8
NeoBundleLock unite.vim be014810a7a54b41a53e134404f2605f62a246f1
NeoBundleLock vim-airline 13ee9f456ac1a7d9e427874c7a6981c2461a6c4d
NeoBundleLock vim-colors-solarized 528a59f26d12278698bb946f8fb82a63711eec21
NeoBundleLock vim-css3-syntax 73ba250fa1a55ed0f3725e20b4d8fcb23c1db7b8
NeoBundleLock vim-easytags f711ff64133e2d20145352a5020ea1b9c019828e
NeoBundleLock vim-endwise bba43b831ae0485cf9b86d16340a6a314b927391
NeoBundleLock vim-eunuch 8c996336ceecbfb7290c7c9b409195f190866548
NeoBundleLock vim-git 297e7075a1c6ecc4547e6543cda394e28c5b1c06
NeoBundleLock vim-javascript 977e220b371938b81acb728eee36987c6fe4034a
NeoBundleLock vim-json 3b812644bca0932f51f32c92d81c64813803b18b
NeoBundleLock vim-markdown 091091fdf8f1f7f42bf1a183eab100f923928841
NeoBundleLock vim-misc 038faedc0767141dd4469978bc6575807fa3eb31
NeoBundleLock vim-rails e13ee81882c2e4c1bba022914a04e3f7cd6fc5d6
NeoBundleLock vim-repeat 5eba0f19c87402643eb8a7e7d20d9d5338fd6d71
NeoBundleLock vim-ruby 4661bf70f428c0436ea60d9ba515b4b8dca73f0d
NeoBundleLock vim-ruby-minitest e77ac79b6a0165f889a5705ace75568aea853193
NeoBundleLock vim-surround fa433e0b7330753688f715f3be5d10dc480f20e5
NeoBundleLock vim-tmux-navigator d25c7ebb65a0ca3058d075158ce1b6605c954c82
NeoBundleLock vimproc.vim 98482672f888aec28ae3764e4432f7127ca8697b
