NeoBundleLock YouCompleteMe 388a42cae18d591c898dada3dbf062596b1c390b
NeoBundleLock ZoomWin da618cba6cee26ab237a048786ffb5c35937da91
NeoBundleLock ag.vim e70862d6436e8d7e9166208a703b5d60a5b384ab
NeoBundleLock html5.vim 40e924c9f333609e8c5b0bbf30775281e1cd9ccf
NeoBundleLock javascript-libraries-syntax.vim c49ce49c3cd79bbb9388969568444e9b42498cb1
NeoBundleLock neobundle.vim 02bd438c42748980d21f6a01860f383e9cc62335
NeoBundleLock rspec.vim ec14093857d97c9eee49c37eccf739e8010c7026
NeoBundleLock scss-syntax.vim 35f47ff7473939fdfcf7ba9ce36f0d8fb4bd4142
NeoBundleLock syntastic cb9424c9ec241ee07e8c9b2231fe086f0d22ecc2
NeoBundleLock tcomment_vim 986ead39a4ea97e25e5a010e64d26e85895fc4fe
NeoBundleLock tmuxline.vim 1e638ef6b2673130db123f25b1ae1160c5289bb8
NeoBundleLock unite.vim e0505b484254a49dcf33d11c9b885d1314c83baf
NeoBundleLock vim-airline 22b43c909a38a5cab8f8a6dedcd07cb1a99ab35a
NeoBundleLock vim-colors-solarized 528a59f26d12278698bb946f8fb82a63711eec21
NeoBundleLock vim-css3-syntax 33d21c75cfc8e4af16e1a1d58961c27ce13d3637
NeoBundleLock vim-easytags a339a8c4409f547e3e2bfd1e1c48975536935b46
NeoBundleLock vim-endwise 4fab89df25457d68090f4aff86059ce7809bfc1f
NeoBundleLock vim-eunuch e36b9a701dd3d8054e6b8a77b14710276a1d93c8
NeoBundleLock vim-git 36126609572d95e93cc8b06f73670fbbf3a3736a
NeoBundleLock vim-go cfe46623863106926e98baaac37d26af9f01851d
NeoBundleLock vim-javascript 8a409f7fd89de746296a92218183dc69fb6e3d93
NeoBundleLock vim-json f5e3181d0b33a9c51377bb7ea8492feddca8b503
NeoBundleLock vim-markdown 81e1f07a8482b34ea8c59f6800e7e8dec7bf56b9
NeoBundleLock vim-misc 3e6b8fb6f03f13434543ce1f5d24f6a5d3f34f0b
NeoBundleLock vim-rails 718456e368b1218800cb80e8e4c429965e485091
NeoBundleLock vim-repeat 7a6675f092842c8f81e71d5345bd7cdbf3759415
NeoBundleLock vim-ruby b0decc92ee569c087d5b37419d7691c5c97f870c
NeoBundleLock vim-ruby-minitest a1eb0b353c04462c4afd8fae15a042fa3f649c97
NeoBundleLock vim-surround 772ab9587b7d1e2c3bae75395c9123803059ba8a
NeoBundleLock vim-tmux bc7f39f0564c33cc8ba8df52575e908892fc6982
NeoBundleLock vim-tmux-focus-events 9f9edcf3401b018b07fa11d1d4ff9fd092680e60
NeoBundleLock vim-tmux-navigator 176452ead44118174ddad3502709a247d9c24bb4
NeoBundleLock vimproc.vim c286dcbdfca9e0ee1a4cb90f09c3f03638112f5a
